<?xml version="1.0" encoding="utf-8"?>
<Project ToolsVersion="4.0" xmlns="http://schemas.microsoft.com/developer/msbuild/2003">
  <ItemGroup>
    <Filter Include="Source Files">
      <UniqueIdentifier>{a7cddc2d-598b-4c09-903f-4e39f3ffba27}</UniqueIdentifier>
    </Filter>
    <Filter Include="Header Files">
      <UniqueIdentifier>{882556c4-524f-441d-8d8a-d1de153c98c9}</UniqueIdentifier>
    </Filter>
    <Filter Include="dbf">
      <UniqueIdentifier>{7090b244-4d4c-41ce-8241-f7d9e810b2e7}</UniqueIdentifier>
    </Filter>
    <Filter Include="Doc/View">
      <UniqueIdentifier>{f3a6a062-c293-42e9-be7b-dd6d7a6fc2f5}</UniqueIdentifier>
    </Filter>
  </ItemGroup>
  <ItemGroup>
    <ClCompile Include="src\app.cpp">
      <Filter>Source Files</Filter>
    </ClCompile>
    <ClCompile Include="src\appdoc.cpp">
      <Filter>Source Files</Filter>
    </ClCompile>
    <ClCompile Include="src\appframe.cpp">
      <Filter>Source Files</Filter>
    </ClCompile>
    <ClCompile Include="src\datalist.cpp">
      <Filter>Source Files</Filter>
    </ClCompile>
    <ClCompile Include="src\datamodel.cpp">
      <Filter>Source Files</Filter>
    </ClCompile>
    <ClCompile Include="src\dbfart.cpp">
      <Filter>Source Files</Filter>
    </ClCompile>
    <ClCompile Include="src\dbfdlgs.cpp">
      <Filter>Source Files</Filter>
    </ClCompile>
    <ClCompile Include="src\dbflist.cpp">
      <Filter>Source Files</Filter>
    </ClCompile>
    <ClCompile Include="src\dbfmodel.cpp">
      <Filter>Source Files</Filter>
    </ClCompile>
    <ClCompile Include="src\dbfres.cpp">
      <Filter>Source Files</Filter>
    </ClCompile>
    <ClCompile Include="src\dbfutil.cpp">
      <Filter>Source Files</Filter>
    </ClCompile>
    <ClCompile Include="src\link.cpp">
      <Filter>Source Files</Filter>
    </ClCompile>
    <ClCompile Include="src\precomp.cpp">
      <Filter>Source Files</Filter>
    </ClCompile>
    <ClCompile Include="src\printout.cpp">
      <Filter>Source Files</Filter>
    </ClCompile>
    <ClCompile Include="src\wxbase.cpp">
      <Filter>Source Files</Filter>
    </ClCompile>
    <ClCompile Include="src\wxgui.cpp">
      <Filter>Source Files</Filter>
    </ClCompile>
    <ClCompile Include="src\wxstreamc.cpp">
      <Filter>Source Files</Filter>
    </ClCompile>
    <ClCompile Include="src\wxtrunk.cpp">
      <Filter>Source Files</Filter>
    </ClCompile>
    <ClCompile Include="..\dbf.c">
      <Filter>dbf</Filter>
    </ClCompile>
    <ClCompile Include="..\dbf_wx.cpp">
      <Filter>dbf</Filter>
    </ClCompile>
    <ClCompile Include="..\ioapi\ioapi.c">
      <Filter>dbf</Filter>
    </ClCompile>
    <ClCompile Include="src\dbfdoc.cpp">
      <Filter>Doc/View</Filter>
    </ClCompile>
    <ClCompile Include="src\dbfframe.cpp">
      <Filter>Doc/View</Filter>
    </ClCompile>
    <ClCompile Include="src\dbfview.cpp">
      <Filter>Doc/View</Filter>
    </ClCompile>
  </ItemGroup>
  <ItemGroup>
    <ResourceCompile Include="src\wxdbf.rc">
      <Filter>Source Files</Filter>
    </ResourceCompile>
  </ItemGroup>
  <ItemGroup>
    <ClInclude Include="src\app.h">
      <Filter>Header Files</Filter>
    </ClInclude>
    <ClInclude Include="src\appdoc.h">
      <Filter>Header Files</Filter>
    </ClInclude>
    <ClInclude Include="src\appframe.h">
      <Filter>Header Files</Filter>
    </ClInclude>
    <ClInclude Include="include\wx\ext\base.h">
      <Filter>Header Files</Filter>
    </ClInclude>
    <ClInclude Include="src\datalist.h">
      <Filter>Header Files</Filter>
    </ClInclude>
    <ClInclude Include="src\datamodel.h">
      <Filter>Header Files</Filter>
    </ClInclude>
    <ClInclude Include="..\dbf.h">
      <Filter>Header Files</Filter>
    </ClInclude>
    <ClInclude Include="..\dbf.hpp">
      <Filter>Header Files</Filter>
    </ClInclude>
    <ClInclude Include="..\dbf_wx.h">
      <Filter>Header Files</Filter>
    </ClInclude>
    <ClInclude Include="src\dbfart.h">
      <Filter>Header Files</Filter>
    </ClInclude>
    <ClInclude Include="src\dbfdefs.h">
      <Filter>Header Files</Filter>
    </ClInclude>
    <ClInclude Include="src\dbfdlgs.h">
      <Filter>Header Files</Filter>
    </ClInclude>
    <ClInclude Include="src\dbfdoc.h">
      <Filter>Header Files</Filter>
    </ClInclude>
    <ClInclude Include="src\dbfframe.h">
      <Filter>Header Files</Filter>
    </ClInclude>
    <ClInclude Include="src\dbflist.h">
      <Filter>Header Files</Filter>
    </ClInclude>
    <ClInclude Include="src\dbfmodel.h">
      <Filter>Header Files</Filter>
    </ClInclude>
    <ClInclude Include="src\dbfres.h">
      <Filter>Header Files</Filter>
    </ClInclude>
    <ClInclude Include="src\dbfutil.h">
      <Filter>Header Files</Filter>
    </ClInclude>
    <ClInclude Include="src\dbfview.h">
      <Filter>Header Files</Filter>
    </ClInclude>
    <ClInclude Include="include\wx\ext\gui.h">
      <Filter>Header Files</Filter>
    </ClInclude>
    <ClInclude Include="src\precomp.h">
      <Filter>Header Files</Filter>
    </ClInclude>
    <ClInclude Include="src\printout.h">
      <Filter>Header Files</Filter>
    </ClInclude>
    <ClInclude Include="include\wx\ext\trunk.h">
      <Filter>Header Files</Filter>
    </ClInclude>
    <ClInclude Include="src\wxstreamc.h">
      <Filter>Header Files</Filter>
    </ClInclude>
  </ItemGroup>
  <ItemGroup>
    <None Include="..\dbf.inl">
      <Filter>Header Files</Filter>
    </None>
    <None Include="..\dbf_wx.inl">
      <Filter>Header Files</Filter>
    </None>
  </ItemGroup>
  <ItemGroup>
    <CustomBuild Include="..\cs\dbf.cs">
      <Filter>dbf</Filter>
    </CustomBuild>
  </ItemGroup>
</Project>