
Microsoft Visual Studio Solution File, Format Version 12.00
# Visual Studio 14
VisualStudioVersion = 14.0.25420.1
MinimumVisualStudioVersion = 10.0.40219.1
Project("{2150E333-8FDC-42A3-9474-1A3956D46DE8}") = "Solution Items", "Solution Items", "{9607FB6F-B71C-4AFA-911D-3589AA994AD5}"
EndProject
Project("{8BC9CEB8-8B4A-11D0-8D11-00A0C91BC942}") = "StartPPwx", "StartPP\StartPPwx.vcxproj", "{681A1E6C-A243-4FE5-AAAA-071515B4A31F}"
	ProjectSection(ProjectDependencies) = postProject
		{78B079BD-9FC7-4B9E-B4A6-96DA0F00248B} = {78B079BD-9FC7-4B9E-B4A6-96DA0F00248B}
		{1D758EEA-59C3-46E4-BEF5-16DCCA8C0B21} = {1D758EEA-59C3-46E4-BEF5-16DCCA8C0B21}
	EndProjectSection
EndProject
Project("{8BC9CEB8-8B4A-11D0-8D11-00A0C91BC942}") = "ftgl_static", "ftgl-2.1.3~rc5\msvc\vc8\ftgl_static.vcxproj", "{1D758EEA-59C3-46E4-BEF5-16DCCA8C0B21}"
	ProjectSection(ProjectDependencies) = postProject
		{78B079BD-9FC7-4B9E-B4A6-96DA0F00248B} = {78B079BD-9FC7-4B9E-B4A6-96DA0F00248B}
	EndProjectSection
EndProject
Project("{8BC9CEB8-8B4A-11D0-8D11-00A0C91BC942}") = "freetype", "freetype-2.6.3\builds\windows\vc2010\freetype.vcxproj", "{78B079BD-9FC7-4B9E-B4A6-96DA0F00248B}"
EndProject
Global
	GlobalSection(SolutionConfigurationPlatforms) = preSolution
		Debug DLL Unicode|Win32 = Debug DLL Unicode|Win32
		Debug DLL Unicode|x64 = Debug DLL Unicode|x64
		Debug DLL Unicode|x86 = Debug DLL Unicode|x86
		Debug Multithreaded|Win32 = Debug Multithreaded|Win32
		Debug Multithreaded|x64 = Debug Multithreaded|x64
		Debug Multithreaded|x86 = Debug Multithreaded|x86
		Debug Singlethreaded|Win32 = Debug Singlethreaded|Win32
		Debug Singlethreaded|x64 = Debug Singlethreaded|x64
		Debug Singlethreaded|x86 = Debug Singlethreaded|x86
		Debug|Win32 = Debug|Win32
		Debug|x64 = Debug|x64
		Debug|x86 = Debug|x86
		Release DLL Unicode|Win32 = Release DLL Unicode|Win32
		Release DLL Unicode|x64 = Release DLL Unicode|x64
		Release DLL Unicode|x86 = Release DLL Unicode|x86
		Release Multithreaded|Win32 = Release Multithreaded|Win32
		Release Multithreaded|x64 = Release Multithreaded|x64
		Release Multithreaded|x86 = Release Multithreaded|x86
		Release Singlethreaded|Win32 = Release Singlethreaded|Win32
		Release Singlethreaded|x64 = Release Singlethreaded|x64
		Release Singlethreaded|x86 = Release Singlethreaded|x86
		Release|Win32 = Release|Win32
		Release|x64 = Release|x64
		Release|x86 = Release|x86
		Unicode Release|Win32 = Unicode Release|Win32
		Unicode Release|x64 = Unicode Release|x64
		Unicode Release|x86 = Unicode Release|x86
	EndGlobalSection
	GlobalSection(ProjectConfigurationPlatforms) = postSolution
		{681A1E6C-A243-4FE5-AAAA-071515B4A31F}.Debug DLL Unicode|Win32.ActiveCfg = Debug DLL Unicode|Win32
		{681A1E6C-A243-4FE5-AAAA-071515B4A31F}.Debug DLL Unicode|Win32.Build.0 = Debug DLL Unicode|Win32
		{681A1E6C-A243-4FE5-AAAA-071515B4A31F}.Debug DLL Unicode|x64.ActiveCfg = Debug DLL Unicode|x64
		{681A1E6C-A243-4FE5-AAAA-071515B4A31F}.Debug DLL Unicode|x64.Build.0 = Debug DLL Unicode|x64
		{681A1E6C-A243-4FE5-AAAA-071515B4A31F}.Debug DLL Unicode|x86.ActiveCfg = Debug DLL Unicode|Win32
		{681A1E6C-A243-4FE5-AAAA-071515B4A31F}.Debug DLL Unicode|x86.Build.0 = Debug DLL Unicode|Win32
		{681A1E6C-A243-4FE5-AAAA-071515B4A31F}.Debug Multithreaded|Win32.ActiveCfg = Debug DLL Unicode|Win32
		{681A1E6C-A243-4FE5-AAAA-071515B4A31F}.Debug Multithreaded|Win32.Build.0 = Debug DLL Unicode|Win32
		{681A1E6C-A243-4FE5-AAAA-071515B4A31F}.Debug Multithreaded|x64.ActiveCfg = Debug DLL Unicode|x64
		{681A1E6C-A243-4FE5-AAAA-071515B4A31F}.Debug Multithreaded|x64.Build.0 = Debug DLL Unicode|x64
		{681A1E6C-A243-4FE5-AAAA-071515B4A31F}.Debug Multithreaded|x86.ActiveCfg = Debug DLL Unicode|Win32
		{681A1E6C-A243-4FE5-AAAA-071515B4A31F}.Debug Multithreaded|x86.Build.0 = Debug DLL Unicode|Win32
		{681A1E6C-A243-4FE5-AAAA-071515B4A31F}.Debug Singlethreaded|Win32.ActiveCfg = Debug DLL Unicode|Win32
		{681A1E6C-A243-4FE5-AAAA-071515B4A31F}.Debug Singlethreaded|Win32.Build.0 = Debug DLL Unicode|Win32
		{681A1E6C-A243-4FE5-AAAA-071515B4A31F}.Debug Singlethreaded|x64.ActiveCfg = Debug DLL Unicode|x64
		{681A1E6C-A243-4FE5-AAAA-071515B4A31F}.Debug Singlethreaded|x64.Build.0 = Debug DLL Unicode|x64
		{681A1E6C-A243-4FE5-AAAA-071515B4A31F}.Debug Singlethreaded|x86.ActiveCfg = Debug DLL Unicode|Win32
		{681A1E6C-A243-4FE5-AAAA-071515B4A31F}.Debug Singlethreaded|x86.Build.0 = Debug DLL Unicode|Win32
		{681A1E6C-A243-4FE5-AAAA-071515B4A31F}.Debug|Win32.ActiveCfg = Debug DLL Unicode|Win32
		{681A1E6C-A243-4FE5-AAAA-071515B4A31F}.Debug|Win32.Build.0 = Debug DLL Unicode|Win32
		{681A1E6C-A243-4FE5-AAAA-071515B4A31F}.Debug|x64.ActiveCfg = Debug DLL Unicode|x64
		{681A1E6C-A243-4FE5-AAAA-071515B4A31F}.Debug|x64.Build.0 = Debug DLL Unicode|x64
		{681A1E6C-A243-4FE5-AAAA-071515B4A31F}.Debug|x86.ActiveCfg = Debug DLL Unicode|Win32
		{681A1E6C-A243-4FE5-AAAA-071515B4A31F}.Debug|x86.Build.0 = Debug DLL Unicode|Win32
		{681A1E6C-A243-4FE5-AAAA-071515B4A31F}.Release DLL Unicode|Win32.ActiveCfg = Release DLL Unicode|Win32
		{681A1E6C-A243-4FE5-AAAA-071515B4A31F}.Release DLL Unicode|Win32.Build.0 = Release DLL Unicode|Win32
		{681A1E6C-A243-4FE5-AAAA-071515B4A31F}.Release DLL Unicode|x64.ActiveCfg = Release DLL Unicode|x64
		{681A1E6C-A243-4FE5-AAAA-071515B4A31F}.Release DLL Unicode|x64.Build.0 = Release DLL Unicode|x64
		{681A1E6C-A243-4FE5-AAAA-071515B4A31F}.Release DLL Unicode|x86.ActiveCfg = Release|Win32
		{681A1E6C-A243-4FE5-AAAA-071515B4A31F}.Release DLL Unicode|x86.Build.0 = Release|Win32
		{681A1E6C-A243-4FE5-AAAA-071515B4A31F}.Release Multithreaded|Win32.ActiveCfg = Release|Win32
		{681A1E6C-A243-4FE5-AAAA-071515B4A31F}.Release Multithreaded|Win32.Build.0 = Release|Win32
		{681A1E6C-A243-4FE5-AAAA-071515B4A31F}.Release Multithreaded|x64.ActiveCfg = Release|x64
		{681A1E6C-A243-4FE5-AAAA-071515B4A31F}.Release Multithreaded|x64.Build.0 = Release|x64
		{681A1E6C-A243-4FE5-AAAA-071515B4A31F}.Release Multithreaded|x86.ActiveCfg = Release|Win32
		{681A1E6C-A243-4FE5-AAAA-071515B4A31F}.Release Singlethreaded|Win32.ActiveCfg = Release|Win32
		{681A1E6C-A243-4FE5-AAAA-071515B4A31F}.Release Singlethreaded|Win32.Build.0 = Release|Win32
		{681A1E6C-A243-4FE5-AAAA-071515B4A31F}.Release Singlethreaded|x64.ActiveCfg = Release|x64
		{681A1E6C-A243-4FE5-AAAA-071515B4A31F}.Release Singlethreaded|x64.Build.0 = Release|x64
		{681A1E6C-A243-4FE5-AAAA-071515B4A31F}.Release Singlethreaded|x86.ActiveCfg = Release|Win32
		{681A1E6C-A243-4FE5-AAAA-071515B4A31F}.Release|Win32.ActiveCfg = Release|Win32
		{681A1E6C-A243-4FE5-AAAA-071515B4A31F}.Release|Win32.Build.0 = Release|Win32
		{681A1E6C-A243-4FE5-AAAA-071515B4A31F}.Release|x64.ActiveCfg = Release|x64
		{681A1E6C-A243-4FE5-AAAA-071515B4A31F}.Release|x64.Build.0 = Release|x64
		{681A1E6C-A243-4FE5-AAAA-071515B4A31F}.Release|x86.ActiveCfg = Release|Win32
		{681A1E6C-A243-4FE5-AAAA-071515B4A31F}.Unicode Release|Win32.ActiveCfg = Release|Win32
		{681A1E6C-A243-4FE5-AAAA-071515B4A31F}.Unicode Release|Win32.Build.0 = Release|Win32
		{681A1E6C-A243-4FE5-AAAA-071515B4A31F}.Unicode Release|x64.ActiveCfg = Release|x64
		{681A1E6C-A243-4FE5-AAAA-071515B4A31F}.Unicode Release|x64.Build.0 = Release|x64
		{681A1E6C-A243-4FE5-AAAA-071515B4A31F}.Unicode Release|x86.ActiveCfg = Release|Win32
		{681A1E6C-A243-4FE5-AAAA-071515B4A31F}.Unicode Release|x86.Build.0 = Release|Win32
		{1D758EEA-59C3-46E4-BEF5-16DCCA8C0B21}.Debug DLL Unicode|Win32.ActiveCfg = Debug|Win32
		{1D758EEA-59C3-46E4-BEF5-16DCCA8C0B21}.Debug DLL Unicode|Win32.Build.0 = Debug|Win32
		{1D758EEA-59C3-46E4-BEF5-16DCCA8C0B21}.Debug DLL Unicode|x64.ActiveCfg = Debug|x64
		{1D758EEA-59C3-46E4-BEF5-16DCCA8C0B21}.Debug DLL Unicode|x64.Build.0 = Debug|x64
		{1D758EEA-59C3-46E4-BEF5-16DCCA8C0B21}.Debug DLL Unicode|x86.ActiveCfg = Debug|Win32
		{1D758EEA-59C3-46E4-BEF5-16DCCA8C0B21}.Debug DLL Unicode|x86.Build.0 = Debug|Win32
		{1D758EEA-59C3-46E4-BEF5-16DCCA8C0B21}.Debug Multithreaded|Win32.ActiveCfg = Debug|Win32
		{1D758EEA-59C3-46E4-BEF5-16DCCA8C0B21}.Debug Multithreaded|Win32.Build.0 = Debug|Win32
		{1D758EEA-59C3-46E4-BEF5-16DCCA8C0B21}.Debug Multithreaded|x64.ActiveCfg = Release|Win32
		{1D758EEA-59C3-46E4-BEF5-16DCCA8C0B21}.Debug Multithreaded|x64.Build.0 = Release|Win32
		{1D758EEA-59C3-46E4-BEF5-16DCCA8C0B21}.Debug Multithreaded|x86.ActiveCfg = Debug|Win32
		{1D758EEA-59C3-46E4-BEF5-16DCCA8C0B21}.Debug Singlethreaded|Win32.ActiveCfg = Debug|Win32
		{1D758EEA-59C3-46E4-BEF5-16DCCA8C0B21}.Debug Singlethreaded|Win32.Build.0 = Debug|Win32
		{1D758EEA-59C3-46E4-BEF5-16DCCA8C0B21}.Debug Singlethreaded|x64.ActiveCfg = Release|Win32
		{1D758EEA-59C3-46E4-BEF5-16DCCA8C0B21}.Debug Singlethreaded|x64.Build.0 = Release|Win32
		{1D758EEA-59C3-46E4-BEF5-16DCCA8C0B21}.Debug Singlethreaded|x86.ActiveCfg = Debug|Win32
		{1D758EEA-59C3-46E4-BEF5-16DCCA8C0B21}.Debug|Win32.ActiveCfg = Debug|Win32
		{1D758EEA-59C3-46E4-BEF5-16DCCA8C0B21}.Debug|Win32.Build.0 = Debug|Win32
		{1D758EEA-59C3-46E4-BEF5-16DCCA8C0B21}.Debug|x64.ActiveCfg = Debug|Win32
		{1D758EEA-59C3-46E4-BEF5-16DCCA8C0B21}.Debug|x86.ActiveCfg = Debug|Win32
		{1D758EEA-59C3-46E4-BEF5-16DCCA8C0B21}.Release DLL Unicode|Win32.ActiveCfg = Release|Win32
		{1D758EEA-59C3-46E4-BEF5-16DCCA8C0B21}.Release DLL Unicode|Win32.Build.0 = Release|Win32
		{1D758EEA-59C3-46E4-BEF5-16DCCA8C0B21}.Release DLL Unicode|x64.ActiveCfg = Release|x64
		{1D758EEA-59C3-46E4-BEF5-16DCCA8C0B21}.Release DLL Unicode|x64.Build.0 = Release|x64
		{1D758EEA-59C3-46E4-BEF5-16DCCA8C0B21}.Release DLL Unicode|x86.ActiveCfg = Release|Win32
		{1D758EEA-59C3-46E4-BEF5-16DCCA8C0B21}.Release DLL Unicode|x86.Build.0 = Release|Win32
		{1D758EEA-59C3-46E4-BEF5-16DCCA8C0B21}.Release Multithreaded|Win32.ActiveCfg = Release|Win32
		{1D758EEA-59C3-46E4-BEF5-16DCCA8C0B21}.Release Multithreaded|Win32.Build.0 = Release|Win32
		{1D758EEA-59C3-46E4-BEF5-16DCCA8C0B21}.Release Multithreaded|x64.ActiveCfg = Release|Win32
		{1D758EEA-59C3-46E4-BEF5-16DCCA8C0B21}.Release Multithreaded|x64.Build.0 = Release|Win32
		{1D758EEA-59C3-46E4-BEF5-16DCCA8C0B21}.Release Multithreaded|x86.ActiveCfg = Release|Win32
		{1D758EEA-59C3-46E4-BEF5-16DCCA8C0B21}.Release Singlethreaded|Win32.ActiveCfg = Release|Win32
		{1D758EEA-59C3-46E4-BEF5-16DCCA8C0B21}.Release Singlethreaded|Win32.Build.0 = Release|Win32
		{1D758EEA-59C3-46E4-BEF5-16DCCA8C0B21}.Release Singlethreaded|x64.ActiveCfg = Release|Win32
		{1D758EEA-59C3-46E4-BEF5-16DCCA8C0B21}.Release Singlethreaded|x64.Build.0 = Release|Win32
		{1D758EEA-59C3-46E4-BEF5-16DCCA8C0B21}.Release Singlethreaded|x86.ActiveCfg = Release|Win32
		{1D758EEA-59C3-46E4-BEF5-16DCCA8C0B21}.Release|Win32.ActiveCfg = Release|Win32
		{1D758EEA-59C3-46E4-BEF5-16DCCA8C0B21}.Release|Win32.Build.0 = Release|Win32
		{1D758EEA-59C3-46E4-BEF5-16DCCA8C0B21}.Release|x64.ActiveCfg = Release|Win32
		{1D758EEA-59C3-46E4-BEF5-16DCCA8C0B21}.Release|x86.ActiveCfg = Release|Win32
		{1D758EEA-59C3-46E4-BEF5-16DCCA8C0B21}.Unicode Release|Win32.ActiveCfg = Release|Win32
		{1D758EEA-59C3-46E4-BEF5-16DCCA8C0B21}.Unicode Release|Win32.Build.0 = Release|Win32
		{1D758EEA-59C3-46E4-BEF5-16DCCA8C0B21}.Unicode Release|x64.ActiveCfg = Release|Win32
		{1D758EEA-59C3-46E4-BEF5-16DCCA8C0B21}.Unicode Release|x64.Build.0 = Release|Win32
		{1D758EEA-59C3-46E4-BEF5-16DCCA8C0B21}.Unicode Release|x86.ActiveCfg = Release|Win32
		{78B079BD-9FC7-4B9E-B4A6-96DA0F00248B}.Debug DLL Unicode|Win32.ActiveCfg = Debug|Win32
		{78B079BD-9FC7-4B9E-B4A6-96DA0F00248B}.Debug DLL Unicode|Win32.Build.0 = Debug|Win32
		{78B079BD-9FC7-4B9E-B4A6-96DA0F00248B}.Debug DLL Unicode|x64.ActiveCfg = Debug|x64
		{78B079BD-9FC7-4B9E-B4A6-96DA0F00248B}.Debug DLL Unicode|x64.Build.0 = Debug|x64
		{78B079BD-9FC7-4B9E-B4A6-96DA0F00248B}.Debug DLL Unicode|x86.ActiveCfg = Debug|Win32
		{78B079BD-9FC7-4B9E-B4A6-96DA0F00248B}.Debug DLL Unicode|x86.Build.0 = Debug|Win32
		{78B079BD-9FC7-4B9E-B4A6-96DA0F00248B}.Debug Multithreaded|Win32.ActiveCfg = Debug Multithreaded|Win32
		{78B079BD-9FC7-4B9E-B4A6-96DA0F00248B}.Debug Multithreaded|Win32.Build.0 = Debug Multithreaded|Win32
		{78B079BD-9FC7-4B9E-B4A6-96DA0F00248B}.Debug Multithreaded|x64.ActiveCfg = Debug Multithreaded|x64
		{78B079BD-9FC7-4B9E-B4A6-96DA0F00248B}.Debug Multithreaded|x64.Build.0 = Debug Multithreaded|x64
		{78B079BD-9FC7-4B9E-B4A6-96DA0F00248B}.Debug Multithreaded|x86.ActiveCfg = Debug Multithreaded|Win32
		{78B079BD-9FC7-4B9E-B4A6-96DA0F00248B}.Debug Singlethreaded|Win32.ActiveCfg = Debug Singlethreaded|Win32
		{78B079BD-9FC7-4B9E-B4A6-96DA0F00248B}.Debug Singlethreaded|Win32.Build.0 = Debug Singlethreaded|Win32
		{78B079BD-9FC7-4B9E-B4A6-96DA0F00248B}.Debug Singlethreaded|x64.ActiveCfg = Debug Singlethreaded|x64
		{78B079BD-9FC7-4B9E-B4A6-96DA0F00248B}.Debug Singlethreaded|x64.Build.0 = Debug Singlethreaded|x64
		{78B079BD-9FC7-4B9E-B4A6-96DA0F00248B}.Debug Singlethreaded|x86.ActiveCfg = Debug Singlethreaded|Win32
		{78B079BD-9FC7-4B9E-B4A6-96DA0F00248B}.Debug|Win32.ActiveCfg = Debug|Win32
		{78B079BD-9FC7-4B9E-B4A6-96DA0F00248B}.Debug|Win32.Build.0 = Debug|Win32
		{78B079BD-9FC7-4B9E-B4A6-96DA0F00248B}.Debug|x64.ActiveCfg = Debug|x64
		{78B079BD-9FC7-4B9E-B4A6-96DA0F00248B}.Debug|x64.Build.0 = Debug|x64
		{78B079BD-9FC7-4B9E-B4A6-96DA0F00248B}.Debug|x86.ActiveCfg = Debug|Win32
		{78B079BD-9FC7-4B9E-B4A6-96DA0F00248B}.Release DLL Unicode|Win32.ActiveCfg = Release|Win32
		{78B079BD-9FC7-4B9E-B4A6-96DA0F00248B}.Release DLL Unicode|Win32.Build.0 = Release|Win32
		{78B079BD-9FC7-4B9E-B4A6-96DA0F00248B}.Release DLL Unicode|x64.ActiveCfg = Release|x64
		{78B079BD-9FC7-4B9E-B4A6-96DA0F00248B}.Release DLL Unicode|x64.Build.0 = Release|x64
		{78B079BD-9FC7-4B9E-B4A6-96DA0F00248B}.Release DLL Unicode|x86.ActiveCfg = Release|Win32
		{78B079BD-9FC7-4B9E-B4A6-96DA0F00248B}.Release DLL Unicode|x86.Build.0 = Release|Win32
		{78B079BD-9FC7-4B9E-B4A6-96DA0F00248B}.Release Multithreaded|Win32.ActiveCfg = Release Multithreaded|Win32
		{78B079BD-9FC7-4B9E-B4A6-96DA0F00248B}.Release Multithreaded|Win32.Build.0 = Release Multithreaded|Win32
		{78B079BD-9FC7-4B9E-B4A6-96DA0F00248B}.Release Multithreaded|x64.ActiveCfg = Release Multithreaded|x64
		{78B079BD-9FC7-4B9E-B4A6-96DA0F00248B}.Release Multithreaded|x64.Build.0 = Release Multithreaded|x64
		{78B079BD-9FC7-4B9E-B4A6-96DA0F00248B}.Release Multithreaded|x86.ActiveCfg = Release Multithreaded|Win32
		{78B079BD-9FC7-4B9E-B4A6-96DA0F00248B}.Release Singlethreaded|Win32.ActiveCfg = Release Singlethreaded|Win32
		{78B079BD-9FC7-4B9E-B4A6-96DA0F00248B}.Release Singlethreaded|Win32.Build.0 = Release Singlethreaded|Win32
		{78B079BD-9FC7-4B9E-B4A6-96DA0F00248B}.Release Singlethreaded|x64.ActiveCfg = Release Singlethreaded|x64
		{78B079BD-9FC7-4B9E-B4A6-96DA0F00248B}.Release Singlethreaded|x64.Build.0 = Release Singlethreaded|x64
		{78B079BD-9FC7-4B9E-B4A6-96DA0F00248B}.Release Singlethreaded|x86.ActiveCfg = Release Singlethreaded|Win32
		{78B079BD-9FC7-4B9E-B4A6-96DA0F00248B}.Release|Win32.ActiveCfg = Release|Win32
		{78B079BD-9FC7-4B9E-B4A6-96DA0F00248B}.Release|Win32.Build.0 = Release|Win32
		{78B079BD-9FC7-4B9E-B4A6-96DA0F00248B}.Release|x64.ActiveCfg = Release|x64
		{78B079BD-9FC7-4B9E-B4A6-96DA0F00248B}.Release|x64.Build.0 = Release|x64
		{78B079BD-9FC7-4B9E-B4A6-96DA0F00248B}.Release|x86.ActiveCfg = Release|Win32
		{78B079BD-9FC7-4B9E-B4A6-96DA0F00248B}.Unicode Release|Win32.ActiveCfg = Release|Win32
		{78B079BD-9FC7-4B9E-B4A6-96DA0F00248B}.Unicode Release|Win32.Build.0 = Release|Win32
		{78B079BD-9FC7-4B9E-B4A6-96DA0F00248B}.Unicode Release|x64.ActiveCfg = Release|x64
		{78B079BD-9FC7-4B9E-B4A6-96DA0F00248B}.Unicode Release|x64.Build.0 = Release|x64
		{78B079BD-9FC7-4B9E-B4A6-96DA0F00248B}.Unicode Release|x86.ActiveCfg = Release|Win32
	EndGlobalSection
	GlobalSection(SolutionProperties) = preSolution
		HideSolutionNode = FALSE
	EndGlobalSection
EndGlobal
