<?xml version="1.0" encoding="utf-8"?>
<Project ToolsVersion="4.0" xmlns="http://schemas.microsoft.com/developer/msbuild/2003">
  <ItemGroup>
    <ClCompile Include="Archive.cpp">
      <Filter>Source Files</Filter>
    </ClCompile>
    <ClCompile Include="ArmatSet.cpp">
      <Filter>Source Files</Filter>
    </ClCompile>
    <ClCompile Include="dbf.c">
      <Filter>Source Files</Filter>
    </ClCompile>
    <ClCompile Include="dbf_wx.cpp">
      <Filter>Source Files</Filter>
    </ClCompile>
    <ClCompile Include="ioapi\ioapi.c">
      <Filter>Source Files</Filter>
    </ClCompile>
    <ClCompile Include="main.cpp">
      <Filter>Source Files</Filter>
    </ClCompile>
    <ClCompile Include="MainFrame.cpp">
      <Filter>Source Files</Filter>
    </ClCompile>
    <ClCompile Include="Material.cpp">
      <Filter>Source Files</Filter>
    </ClCompile>
    <ClCompile Include="MySet.cpp">
      <Filter>Source Files</Filter>
    </ClCompile>
    <ClCompile Include="PipeAndNode.cpp">
      <Filter>Source Files</Filter>
    </ClCompile>
    <ClCompile Include="PipeArray.cpp">
      <Filter>Source Files</Filter>
    </ClCompile>
    <ClCompile Include="PipeDesc.cpp">
      <Filter>Source Files</Filter>
    </ClCompile>
    <ClCompile Include="PipesSet.cpp">
      <Filter>Source Files</Filter>
    </ClCompile>
    <ClCompile Include="PropertiesWnd.cpp">
      <Filter>Source Files</Filter>
    </ClCompile>
    <ClCompile Include="Recordset.cpp">
      <Filter>Source Files</Filter>
    </ClCompile>
    <ClCompile Include="Rotate.cpp">
      <Filter>Source Files</Filter>
    </ClCompile>
    <ClCompile Include="StartPPDocWx.cpp">
      <Filter>Source Files</Filter>
    </ClCompile>
    <ClCompile Include="StartPPSet.cpp">
      <Filter>Source Files</Filter>
    </ClCompile>
    <ClCompile Include="stdafx.cpp">
      <Filter>Source Files</Filter>
    </ClCompile>
    <ClCompile Include="TempHistory.cpp">
      <Filter>Source Files</Filter>
    </ClCompile>
    <ClCompile Include="TroinicsSet.cpp">
      <Filter>Source Files</Filter>
    </ClCompile>
    <ClCompile Include="wxcrafter.cpp">
      <Filter>Source Files</Filter>
    </ClCompile>
    <ClCompile Include="wxcrafter_bitmaps.cpp">
      <Filter>Source Files</Filter>
    </ClCompile>
    <ClCompile Include="wx\src\wxstreamc.cpp">
      <Filter>Source Files</Filter>
    </ClCompile>
    <ClCompile Include="StartPPView.cpp">
      <Filter>Source Files</Filter>
    </ClCompile>
    <ClCompile Include="PipePresenter.cpp">
      <Filter>Source Files</Filter>
    </ClCompile>
    <ClCompile Include="ScreenPipePresenter.cpp">
      <Filter>Source Files</Filter>
    </ClCompile>
    <ClCompile Include="GLRenderer.cpp">
      <Filter>Source Files</Filter>
    </ClCompile>
    <ClCompile Include="OGLPipePresenter.cpp">
      <Filter>Source Files</Filter>
    </ClCompile>
    <ClCompile Include="PrintHelper.cpp">
      <Filter>Source Files</Filter>
    </ClCompile>
    <ClCompile Include="HSV2RGB.cpp">
      <Filter>Source Files</Filter>
    </ClCompile>
  </ItemGroup>
  <ItemGroup>
    <ClInclude Include="Archive.h">
      <Filter>Header Files</Filter>
    </ClInclude>
    <ClInclude Include="ArmatSet.h">
      <Filter>Header Files</Filter>
    </ClInclude>
    <ClInclude Include="dbf_inl.h">
      <Filter>Header Files</Filter>
    </ClInclude>
    <ClInclude Include="dbf.h">
      <Filter>Header Files</Filter>
    </ClInclude>
    <ClInclude Include="dbf.hpp">
      <Filter>Header Files</Filter>
    </ClInclude>
    <ClInclude Include="dbf_wx.h">
      <Filter>Header Files</Filter>
    </ClInclude>
    <ClInclude Include="dbf_wx_inl.h">
      <Filter>Header Files</Filter>
    </ClInclude>
    <ClInclude Include="ioapi\ioapi.h">
      <Filter>Header Files</Filter>
    </ClInclude>
    <ClInclude Include="MainFrame.h">
      <Filter>Header Files</Filter>
    </ClInclude>
    <ClInclude Include="Material.h">
      <Filter>Header Files</Filter>
    </ClInclude>
    <ClInclude Include="PipeArray.h">
      <Filter>Header Files</Filter>
    </ClInclude>
    <ClInclude Include="PipeDesc.h">
      <Filter>Header Files</Filter>
    </ClInclude>
    <ClInclude Include="PropertiesWnd.h">
      <Filter>Header Files</Filter>
    </ClInclude>
    <ClInclude Include="Recordset.h">
      <Filter>Header Files</Filter>
    </ClInclude>
    <ClInclude Include="Rotate.h">
      <Filter>Header Files</Filter>
    </ClInclude>
    <ClInclude Include="stdafx.h">
      <Filter>Header Files</Filter>
    </ClInclude>
    <ClInclude Include="TempHistory.h">
      <Filter>Header Files</Filter>
    </ClInclude>
    <ClInclude Include="TroinicsSet.h">
      <Filter>Header Files</Filter>
    </ClInclude>
    <ClInclude Include="wxcrafter.h">
      <Filter>Header Files</Filter>
    </ClInclude>
    <ClInclude Include="ioapi\zconf.h">
      <Filter>Header Files</Filter>
    </ClInclude>
    <ClInclude Include="ioapi\zlib.h">
      <Filter>Header Files</Filter>
    </ClInclude>
    <ClInclude Include="Strings.h">
      <Filter>Header Files</Filter>
    </ClInclude>
    <ClInclude Include="StartPPDoc.h">
      <Filter>Header Files</Filter>
    </ClInclude>
    <ClInclude Include="MySet.h">
      <Filter>Header Files</Filter>
    </ClInclude>
    <ClInclude Include="StartPPSet.h">
      <Filter>Header Files</Filter>
    </ClInclude>
    <ClInclude Include="StartPPView.h">
      <Filter>Header Files</Filter>
    </ClInclude>
    <ClInclude Include="OGLPipePresenter.h">
      <Filter>Header Files</Filter>
    </ClInclude>
    <ClInclude Include="PipePresenter.h">
      <Filter>Header Files</Filter>
    </ClInclude>
    <ClInclude Include="ScreenPipePresenter.h">
      <Filter>Header Files</Filter>
    </ClInclude>
    <ClInclude Include="GLRenderer.h">
      <Filter>Header Files</Filter>
    </ClInclude>
    <ClInclude Include="HSV2RGB.h">
      <Filter>Header Files</Filter>
    </ClInclude>
    <ClInclude Include="DistDialog.h">
      <Filter>Header Files</Filter>
    </ClInclude>
    <ClInclude Include="PrintHelper.h">
      <Filter>Header Files</Filter>
    </ClInclude>
  </ItemGroup>
  <ItemGroup>
    <Filter Include="Header Files">
      <UniqueIdentifier>{022a0a9e-be8a-4e08-bd27-235951170d46}</UniqueIdentifier>
      <Extensions>h;hpp</Extensions>
    </Filter>
    <Filter Include="Source Files">
      <UniqueIdentifier>{fb2bbe67-7078-409a-a33b-42b6b58153b0}</UniqueIdentifier>
      <Extensions>*.cpp</Extensions>
    </Filter>
    <Filter Include="Resource Files">
      <UniqueIdentifier>{0bb665ed-4703-45d0-a64b-20822f9e78ba}</UniqueIdentifier>
    </Filter>
  </ItemGroup>
  <ItemGroup>
    <ResourceCompile Include="win_resources.rc">
      <Filter>Resource Files</Filter>
    </ResourceCompile>
  </ItemGroup>
  <ItemGroup>
    <None Include="wxcrafter.wxcp">
      <Filter>Resource Files</Filter>
    </None>
  </ItemGroup>
</Project>